dependencies:
  esp_lcd_touch:
    dependencies:
    - name: idf
      version: '>=5.2'
    source:
      path: D:\vscode-FreeRTOS\ESP32-S3-LVGI-IOT\components\esp_lcd_touch
      type: local
    version: 1.2.1
  idf:
    source:
      type: idf
    version: 5.5.3
  lvgl/lvgl:
    component_hash: 184e532558c1c45fefed631f3e235423d22582aafb4630f3e8885c35281a49ae
    dependencies: []
    source:
      registry_url: https://components.espressif.com/
      type: service
    version: 9.5.0
direct_dependencies:
- esp_lcd_touch
- idf
- lvgl/lvgl
manifest_hash: 8dce5b3f6249b02207519b522ab22072cd9d26081c7ef2fa76c0415f1159ae83
target: esp32s3
version: 2.0.0
